
Microsoft Visual Studio Solution File, Format Version 12.00
# Visual Studio Version 16
VisualStudioVersion = 16.0.31702.278
MinimumVisualStudioVersion = 10.0.40219.1
Project("{9A19103F-16F7-4668-BE54-9A1E7A4F7556}") = "FleetManagement", "FleetManagement\FleetManagement.csproj", "{22081D84-4798-48FD-A300-ED9C71E88B6B}"
EndProject
Project("{9A19103F-16F7-4668-BE54-9A1E7A4F7556}") = "FleetManagement.Test", "FleetManagement.Test\FleetManagement.Test.csproj", "{5794252A-0E77-401C-A246-4F63E5FCE603}"
EndProject
Project("{9A19103F-16F7-4668-BE54-9A1E7A4F7556}") = "FleetManagement.ADO", "FleetManagement.ADO\FleetManagement.ADO.csproj", "{20F69C62-2374-463D-9186-45EBF1588C38}"
EndProject
Project("{9A19103F-16F7-4668-BE54-9A1E7A4F7556}") = "ConsoleApplicatie", "ConsoleApplicatie\ConsoleApplicatie.csproj", "{B00EFD82-93A6-4793-998C-935AC0C8EEFF}"
EndProject
Project("{FAE04EC0-301F-11D3-BF4B-00C04F79EFBC}") = "FleetManagement.WPF", "FleetManagement.WPF\FleetManagement.WPF.csproj", "{3CDB5505-FADE-42AC-8772-965D601C7F02}"
EndProject
Global
	GlobalSection(SolutionConfigurationPlatforms) = preSolution
		Debug|Any CPU = Debug|Any CPU
		Release|Any CPU = Release|Any CPU
	EndGlobalSection
	GlobalSection(ProjectConfigurationPlatforms) = postSolution
		{22081D84-4798-48FD-A300-ED9C71E88B6B}.Debug|Any CPU.ActiveCfg = Debug|Any CPU
		{22081D84-4798-48FD-A300-ED9C71E88B6B}.Debug|Any CPU.Build.0 = Debug|Any CPU
		{22081D84-4798-48FD-A300-ED9C71E88B6B}.Release|Any CPU.ActiveCfg = Release|Any CPU
		{22081D84-4798-48FD-A300-ED9C71E88B6B}.Release|Any CPU.Build.0 = Release|Any CPU
		{5794252A-0E77-401C-A246-4F63E5FCE603}.Debug|Any CPU.ActiveCfg = Debug|Any CPU
		{5794252A-0E77-401C-A246-4F63E5FCE603}.Debug|Any CPU.Build.0 = Debug|Any CPU
		{5794252A-0E77-401C-A246-4F63E5FCE603}.Release|Any CPU.ActiveCfg = Release|Any CPU
		{5794252A-0E77-401C-A246-4F63E5FCE603}.Release|Any CPU.Build.0 = Release|Any CPU
		{20F69C62-2374-463D-9186-45EBF1588C38}.Debug|Any CPU.ActiveCfg = Debug|Any CPU
		{20F69C62-2374-463D-9186-45EBF1588C38}.Debug|Any CPU.Build.0 = Debug|Any CPU
		{20F69C62-2374-463D-9186-45EBF1588C38}.Release|Any CPU.ActiveCfg = Release|Any CPU
		{20F69C62-2374-463D-9186-45EBF1588C38}.Release|Any CPU.Build.0 = Release|Any CPU
		{B00EFD82-93A6-4793-998C-935AC0C8EEFF}.Debug|Any CPU.ActiveCfg = Debug|Any CPU
		{B00EFD82-93A6-4793-998C-935AC0C8EEFF}.Debug|Any CPU.Build.0 = Debug|Any CPU
		{B00EFD82-93A6-4793-998C-935AC0C8EEFF}.Release|Any CPU.ActiveCfg = Release|Any CPU
		{B00EFD82-93A6-4793-998C-935AC0C8EEFF}.Release|Any CPU.Build.0 = Release|Any CPU
		{3CDB5505-FADE-42AC-8772-965D601C7F02}.Debug|Any CPU.ActiveCfg = Debug|Any CPU
		{3CDB5505-FADE-42AC-8772-965D601C7F02}.Debug|Any CPU.Build.0 = Debug|Any CPU
		{3CDB5505-FADE-42AC-8772-965D601C7F02}.Release|Any CPU.ActiveCfg = Release|Any CPU
		{3CDB5505-FADE-42AC-8772-965D601C7F02}.Release|Any CPU.Build.0 = Release|Any CPU
	EndGlobalSection
	GlobalSection(SolutionProperties) = preSolution
		HideSolutionNode = FALSE
	EndGlobalSection
	GlobalSection(ExtensibilityGlobals) = postSolution
		SolutionGuid = {DE12C5C9-8575-4B5C-9318-F2B5FBAF1A5E}
	EndGlobalSection
EndGlobal
